PODS:
  - audioplayer (0.0.1):
    - Flutter
  - Flutter (1.0.0)

DEPENDENCIES:
  - audioplayer (from `Pods/.symlinks/plugins/audioplayer/ios`)
  - Flutter (from `Pods/.symlinks/flutter/ios`)

EXTERNAL SOURCES:
  audioplayer:
    :path: Pods/.symlinks/plugins/audioplayer/ios
  Flutter:
    :path: Pods/.symlinks/flutter/ios

SPEC CHECKSUMS:
  audioplayer: f4462b84216b9c55f02bbbdc7ab60eec7427b2d4
  Flutter: 58dd7d1b27887414a370fcccb9e645c08ffd7a6a

PODFILE CHECKSUM: 6e3081f70d0263650f46e1c17b0b2f5866cacb63

COCOAPODS: 1.3.1
